// !$*UTF8*$!
{
	archiveVersion = 1;
	classes = {
	};
	objectVersion = 54;
	objects = {

/* Begin PBXBuildFile section */
		99059C41275F325E0044957C /* Article.swift in Sources */ = {isa = PBXBuildFile; fileRef = 99059C40275F325E0044957C /* Article.swift */; };
		99059C45275F36460044957C /* ArticleTableViewCell.swift in Sources */ = {isa = PBXBuildFile; fileRef = 99059C43275F36460044957C /* ArticleTableViewCell.swift */; };
		99059C46275F36460044957C /* ArticleTableViewCell.xib in Resources */ = {isa = PBXBuildFile; fileRef = 99059C44275F36460044957C /* ArticleTableViewCell.xib */; };
		99059C49275F52C20044957C /* URLRequest+Extensions.swift in Sources */ = {isa = PBXBuildFile; fileRef = 99059C48275F52C20044957C /* URLRequest+Extensions.swift */; };
		999BFBA7275E8F0E00D2E143 /* AppDelegate.swift in Sources */ = {isa = PBXBuildFile; fileRef = 999BFBA6275E8F0E00D2E143 /* AppDelegate.swift */; };
		999BFBA9275E8F0E00D2E143 /* SceneDelegate.swift in Sources */ = {isa = PBXBuildFile; fileRef = 999BFBA8275E8F0E00D2E143 /* SceneDelegate.swift */; };
		999BFBAE275E8F0E00D2E143 /* Main.storyboard in Resources */ = {isa = PBXBuildFile; fileRef = 999BFBAC275E8F0E00D2E143 /* Main.storyboard */; };
		999BFBB0275E8F1200D2E143 /* Assets.xcassets in Resources */ = {isa = PBXBuildFile; fileRef = 999BFBAF275E8F1200D2E143 /* Assets.xcassets */; };
		999BFBB3275E8F1200D2E143 /* LaunchScreen.storyboard in Resources */ = {isa = PBXBuildFile; fileRef = 999BFBB1275E8F1200D2E143 /* LaunchScreen.storyboard */; };
		999BFBBB275E917100D2E143 /* NewsTableViewController.swift in Sources */ = {isa = PBXBuildFile; fileRef = 999BFBBA275E917100D2E143 /* NewsTableViewController.swift */; };
		CE8A06094D01009877231F32 /* Pods_News_RxSwift_Transform.framework in Frameworks */ = {isa = PBXBuildFile; fileRef = D3C15AF5DC4A1D584A1A7497 /* Pods_News_RxSwift_Transform.framework */; };
/* End PBXBuildFile section */

/* Begin PBXFileReference section */
		80F1240A42AC2B98E37321C6 /* Pods-News-RxSwift-Transform.release.xcconfig */ = {isa = PBXFileReference; includeInIndex = 1; lastKnownFileType = text.xcconfig; name = "Pods-News-RxSwift-Transform.release.xcconfig"; path = "Target Support Files/Pods-News-RxSwift-Transform/Pods-News-RxSwift-Transform.release.xcconfig"; sourceTree = "<group>"; };
		99059C40275F325E0044957C /* Article.swift */ = {isa = PBXFileReference; lastKnownFileType = sourcecode.swift; path = Article.swift; sourceTree = "<group>"; };
		99059C43275F36460044957C /* ArticleTableViewCell.swift */ = {isa = PBXFileReference; lastKnownFileType = sourcecode.swift; path = ArticleTableViewCell.swift; sourceTree = "<group>"; };
		99059C44275F36460044957C /* ArticleTableViewCell.xib */ = {isa = PBXFileReference; lastKnownFileType = file.xib; path = ArticleTableViewCell.xib; sourceTree = "<group>"; };
		99059C48275F52C20044957C /* URLRequest+Extensions.swift */ = {isa = PBXFileReference; lastKnownFileType = sourcecode.swift; path = "URLRequest+Extensions.swift"; sourceTree = "<group>"; };
		999BFBA3275E8F0E00D2E143 /* News-RxSwift-Transform.app */ = {isa = PBXFileReference; explicitFileType = wrapper.application; includeInIndex = 0; path = "News-RxSwift-Transform.app"; sourceTree = BUILT_PRODUCTS_DIR; };
		999BFBA6275E8F0E00D2E143 /* AppDelegate.swift */ = {isa = PBXFileReference; lastKnownFileType = sourcecode.swift; path = AppDelegate.swift; sourceTree = "<group>"; };
		999BFBA8275E8F0E00D2E143 /* SceneDelegate.swift */ = {isa = PBXFileReference; lastKnownFileType = sourcecode.swift; path = SceneDelegate.swift; sourceTree = "<group>"; };
		999BFBAD275E8F0E00D2E143 /* Base */ = {isa = PBXFileReference; lastKnownFileType = file.storyboard; name = Base; path = Base.lproj/Main.storyboard; sourceTree = "<group>"; };
		999BFBAF275E8F1200D2E143 /* Assets.xcassets */ = {isa = PBXFileReference; lastKnownFileType = folder.assetcatalog; path = Assets.xcassets; sourceTree = "<group>"; };
		999BFBB2275E8F1200D2E143 /* Base */ = {isa = PBXFileReference; lastKnownFileType = file.storyboard; name = Base; path = Base.lproj/LaunchScreen.storyboard; sourceTree = "<group>"; };
		999BFBB4275E8F1200D2E143 /* Info.plist */ = {isa = PBXFileReference; lastKnownFileType = text.plist.xml; path = Info.plist; sourceTree = "<group>"; };
		999BFBBA275E917100D2E143 /* NewsTableViewController.swift */ = {isa = PBXFileReference; lastKnownFileType = sourcecode.swift; path = NewsTableViewController.swift; sourceTree = "<group>"; };
		AE520C16CAC92A513D512DFB /* Pods-News-RxSwift-Transform.debug.xcconfig */ = {isa = PBXFileReference; includeInIndex = 1; lastKnownFileType = text.xcconfig; name = "Pods-News-RxSwift-Transform.debug.xcconfig"; path = "Target Support Files/Pods-News-RxSwift-Transform/Pods-News-RxSwift-Transform.debug.xcconfig"; sourceTree = "<group>"; };
		D3C15AF5DC4A1D584A1A7497 /* Pods_News_RxSwift_Transform.framework */ = {isa = PBXFileReference; explicitFileType = wrapper.framework; includeInIndex = 0; path = Pods_News_RxSwift_Transform.framework; sourceTree = BUILT_PRODUCTS_DIR; };
/* End PBXFileReference section */

/* Begin PBXFrameworksBuildPhase section */
		999BFBA0275E8F0E00D2E143 /* Frameworks */ = {
			isa = PBXFrameworksBuildPhase;
			buildActionMask = 2147483647;
			files = (
				CE8A06094D01009877231F32 /* Pods_News_RxSwift_Transform.framework in Frameworks */,
			);
			runOnlyForDeploymentPostprocessing = 0;
		};
/* End PBXFrameworksBuildPhase section */

/* Begin PBXGroup section */
		6F2BD0D3E57AEC2748A51A7A /* Pods */ = {
			isa = PBXGroup;
			children = (
				AE520C16CAC92A513D512DFB /* Pods-News-RxSwift-Transform.debug.xcconfig */,
				80F1240A42AC2B98E37321C6 /* Pods-News-RxSwift-Transform.release.xcconfig */,
			);
			path = Pods;
			sourceTree = "<group>";
		};
		99059C3F275F32420044957C /* Models */ = {
			isa = PBXGroup;
			children = (
				99059C40275F325E0044957C /* Article.swift */,
			);
			path = Models;
			sourceTree = "<group>";
		};
		99059C42275F36240044957C /* Cells */ = {
			isa = PBXGroup;
			children = (
				99059C43275F36460044957C /* ArticleTableViewCell.swift */,
				99059C44275F36460044957C /* ArticleTableViewCell.xib */,
			);
			path = Cells;
			sourceTree = "<group>";
		};
		99059C47275F52A90044957C /* Extensions */ = {
			isa = PBXGroup;
			children = (
				99059C48275F52C20044957C /* URLRequest+Extensions.swift */,
			);
			path = Extensions;
			sourceTree = "<group>";
		};
		999BFB9A275E8F0E00D2E143 = {
			isa = PBXGroup;
			children = (
				999BFBA5275E8F0E00D2E143 /* News-RxSwift-Transform */,
				999BFBA4275E8F0E00D2E143 /* Products */,
				6F2BD0D3E57AEC2748A51A7A /* Pods */,
				CB6ED6CCCCAEA59AAF3F0BE3 /* Frameworks */,
			);
			sourceTree = "<group>";
		};
		999BFBA4275E8F0E00D2E143 /* Products */ = {
			isa = PBXGroup;
			children = (
				999BFBA3275E8F0E00D2E143 /* News-RxSwift-Transform.app */,
			);
			name = Products;
			sourceTree = "<group>";
		};
		999BFBA5275E8F0E00D2E143 /* News-RxSwift-Transform */ = {
			isa = PBXGroup;
			children = (
				99059C47275F52A90044957C /* Extensions */,
				99059C42275F36240044957C /* Cells */,
				99059C3F275F32420044957C /* Models */,
				999BFBA6275E8F0E00D2E143 /* AppDelegate.swift */,
				999BFBA8275E8F0E00D2E143 /* SceneDelegate.swift */,
				999BFBBA275E917100D2E143 /* NewsTableViewController.swift */,
				999BFBAC275E8F0E00D2E143 /* Main.storyboard */,
				999BFBAF275E8F1200D2E143 /* Assets.xcassets */,
				999BFBB1275E8F1200D2E143 /* LaunchScreen.storyboard */,
				999BFBB4275E8F1200D2E143 /* Info.plist */,
			);
			path = "News-RxSwift-Transform";
			sourceTree = "<group>";
		};
		CB6ED6CCCCAEA59AAF3F0BE3 /* Frameworks */ = {
			isa = PBXGroup;
			children = (
				D3C15AF5DC4A1D584A1A7497 /* Pods_News_RxSwift_Transform.framework */,
			);
			name = Frameworks;
			sourceTree = "<group>";
		};
/* End PBXGroup section */

/* Begin PBXNativeTarget section */
		999BFBA2275E8F0E00D2E143 /* News-RxSwift-Transform */ = {
			isa = PBXNativeTarget;
			buildConfigurationList = 999BFBB7275E8F1200D2E143 /* Build configuration list for PBXNativeTarget "News-RxSwift-Transform" */;
			buildPhases = (
				F5D2DF3D4208867E463C8DEE /* [CP] Check Pods Manifest.lock */,
				999BFB9F275E8F0E00D2E143 /* Sources */,
				999BFBA0275E8F0E00D2E143 /* Frameworks */,
				999BFBA1275E8F0E00D2E143 /* Resources */,
				9764F179B24B7EF936F688D5 /* [CP] Embed Pods Frameworks */,
			);
			buildRules = (
			);
			dependencies = (
			);
			name = "News-RxSwift-Transform";
			productName = "News-RxSwift-Transform";
			productReference = 999BFBA3275E8F0E00D2E143 /* News-RxSwift-Transform.app */;
			productType = "com.apple.product-type.application";
		};
/* End PBXNativeTarget section */

/* Begin PBXProject section */
		999BFB9B275E8F0E00D2E143 /* Project object */ = {
			isa = PBXProject;
			attributes = {
				BuildIndependentTargetsInParallel = 1;
				LastSwiftUpdateCheck = 1310;
				LastUpgradeCheck = 1310;
				TargetAttributes = {
					999BFBA2275E8F0E00D2E143 = {
						CreatedOnToolsVersion = 13.1;
					};
				};
			};
			buildConfigurationList = 999BFB9E275E8F0E00D2E143 /* Build configuration list for PBXProject "News-RxSwift-Transform" */;
			compatibilityVersion = "Xcode 12.0";
			developmentRegion = en;
			hasScannedForEncodings = 0;
			knownRegions = (
				en,
				Base,
			);
			mainGroup = 999BFB9A275E8F0E00D2E143;
			productRefGroup = 999BFBA4275E8F0E00D2E143 /* Products */;
			projectDirPath = "";
			projectRoot = "";
			targets = (
				999BFBA2275E8F0E00D2E143 /* News-RxSwift-Transform */,
			);
		};
/* End PBXProject section */

/* Begin PBXResourcesBuildPhase section */
		999BFBA1275E8F0E00D2E143 /* Resources */ = {
			isa = PBXResourcesBuildPhase;
			buildActionMask = 2147483647;
			files = (
				99059C46275F36460044957C /* ArticleTableViewCell.xib in Resources */,
				999BFBB3275E8F1200D2E143 /* LaunchScreen.storyboard in Resources */,
				999BFBB0275E8F1200D2E143 /* Assets.xcassets in Resources */,
				999BFBAE275E8F0E00D2E143 /* Main.storyboard in Resources */,
			);
			runOnlyForDeploymentPostprocessing = 0;
		};
/* End PBXResourcesBuildPhase section */

/* Begin PBXShellScriptBuildPhase section */
		9764F179B24B7EF936F688D5 /* [CP] Embed Pods Frameworks */ = {
			isa = PBXShellScriptBuildPhase;
			buildActionMask = 2147483647;
			files = (
			);
			inputFileListPaths = (
				"${PODS_ROOT}/Target Support Files/Pods-News-RxSwift-Transform/Pods-News-RxSwift-Transform-frameworks-${CONFIGURATION}-input-files.xcfilelist",
			);
			name = "[CP] Embed Pods Frameworks";
			outputFileListPaths = (
				"${PODS_ROOT}/Target Support Files/Pods-News-RxSwift-Transform/Pods-News-RxSwift-Transform-frameworks-${CONFIGURATION}-output-files.xcfilelist",
			);
			runOnlyForDeploymentPostprocessing = 0;
			shellPath = /bin/sh;
			shellScript = "\"${PODS_ROOT}/Target Support Files/Pods-News-RxSwift-Transform/Pods-News-RxSwift-Transform-frameworks.sh\"\n";
			showEnvVarsInLog = 0;
		};
		F5D2DF3D4208867E463C8DEE /* [CP] Check Pods Manifest.lock */ = {
			isa = PBXShellScriptBuildPhase;
			buildActionMask = 2147483647;
			files = (
			);
			inputFileListPaths = (
			);
			inputPaths = (
				"${PODS_PODFILE_DIR_PATH}/Podfile.lock",
				"${PODS_ROOT}/Manifest.lock",
			);
			name = "[CP] Check Pods Manifest.lock";
			outputFileListPaths = (
			);
			outputPaths = (
				"$(DERIVED_FILE_DIR)/Pods-News-RxSwift-Transform-checkManifestLockResult.txt",
			);
			runOnlyForDeploymentPostprocessing = 0;
			shellPath = /bin/sh;
			shellScript = "diff \"${PODS_PODFILE_DIR_PATH}/Podfile.lock\" \"${PODS_ROOT}/Manifest.lock\" > /dev/null\nif [ $? != 0 ] ; then\n    # print error to STDERR\n    echo \"error: The sandbox is not in sync with the Podfile.lock. Run 'pod install' or update your CocoaPods installation.\" >&2\n    exit 1\nfi\n# This output is used by Xcode 'outputs' to avoid re-running this script phase.\necho \"SUCCESS\" > \"${SCRIPT_OUTPUT_FILE_0}\"\n";
			showEnvVarsInLog = 0;
		};
/* End PBXShellScriptBuildPhase section */

/* Begin PBXSourcesBuildPhase section */
		999BFB9F275E8F0E00D2E143 /* Sources */ = {
			isa = PBXSourcesBuildPhase;
			buildActionMask = 2147483647;
			files = (
				99059C45275F36460044957C /* ArticleTableViewCell.swift in Sources */,
				99059C41275F325E0044957C /* Article.swift in Sources */,
				999BFBBB275E917100D2E143 /* NewsTableViewController.swift in Sources */,
				99059C49275F52C20044957C /* URLRequest+Extensions.swift in Sources */,
				999BFBA7275E8F0E00D2E143 /* AppDelegate.swift in Sources */,
				999BFBA9275E8F0E00D2E143 /* SceneDelegate.swift in Sources */,
			);
			runOnlyForDeploymentPostprocessing = 0;
		};
/* End PBXSourcesBuildPhase section */

/* Begin PBXVariantGroup section */
		999BFBAC275E8F0E00D2E143 /* Main.storyboard */ = {
			isa = PBXVariantGroup;
			children = (
				999BFBAD275E8F0E00D2E143 /* Base */,
			);
			name = Main.storyboard;
			sourceTree = "<group>";
		};
		999BFBB1275E8F1200D2E143 /* LaunchScreen.storyboard */ = {
			isa = PBXVariantGroup;
			children = (
				999BFBB2275E8F1200D2E143 /* Base */,
			);
			name = LaunchScreen.storyboard;
			sourceTree = "<group>";
		};
/* End PBXVariantGroup section */

/* Begin XCBuildConfiguration section */
		999BFBB5275E8F1200D2E143 /* Debug */ = {
			isa = XCBuildConfiguration;
			buildSettings = {
				ALWAYS_SEARCH_USER_PATHS = NO;
				CLANG_ANALYZER_NONNULL = YES;
				CLANG_ANALYZER_NUMBER_OBJECT_CONVERSION = YES_AGGRESSIVE;
				CLANG_CXX_LANGUAGE_STANDARD = "gnu++17";
				CLANG_CXX_LIBRARY = "libc++";
				CLANG_ENABLE_MODULES = YES;
				CLANG_ENABLE_OBJC_ARC = YES;
				CLANG_ENABLE_OBJC_WEAK = YES;
				CLANG_WARN_BLOCK_CAPTURE_AUTORELEASING = YES;
				CLANG_WARN_BOOL_CONVERSION = YES;
				CLANG_WARN_COMMA = YES;
				CLANG_WARN_CONSTANT_CONVERSION = YES;
				CLANG_WARN_DEPRECATED_OBJC_IMPLEMENTATIONS = YES;
				CLANG_WARN_DIRECT_OBJC_ISA_USAGE = YES_ERROR;
				CLANG_WARN_DOCUMENTATION_COMMENTS = YES;
				CLANG_WARN_EMPTY_BODY = YES;
				CLANG_WARN_ENUM_CONVERSION = YES;
				CLANG_WARN_INFINITE_RECURSION = YES;
				CLANG_WARN_INT_CONVERSION = YES;
				CLANG_WARN_NON_LITERAL_NULL_CONVERSION = YES;
				CLANG_WARN_OBJC_IMPLICIT_RETAIN_SELF = YES;
				CLANG_WARN_OBJC_LITERAL_CONVERSION = YES;
				CLANG_WARN_OBJC_ROOT_CLASS = YES_ERROR;
				CLANG_WARN_QUOTED_INCLUDE_IN_FRAMEWORK_HEADER = YES;
				CLANG_WARN_RANGE_LOOP_ANALYSIS = YES;
				CLANG_WARN_STRICT_PROTOTYPES = YES;
				CLANG_WARN_SUSPICIOUS_MOVE = YES;
				CLANG_WARN_UNGUARDED_AVAILABILITY = YES_AGGRESSIVE;
				CLANG_WARN_UNREACHABLE_CODE = YES;
				CLANG_WARN__DUPLICATE_METHOD_MATCH = YES;
				COPY_PHASE_STRIP = NO;
				DEBUG_INFORMATION_FORMAT = dwarf;
				ENABLE_STRICT_OBJC_MSGSEND = YES;
				ENABLE_TESTABILITY = YES;
				GCC_C_LANGUAGE_STANDARD = gnu11;
				GCC_DYNAMIC_NO_PIC = NO;
				GCC_NO_COMMON_BLOCKS = YES;
				GCC_OPTIMIZATION_LEVEL = 0;
				GCC_PREPROCESSOR_DEFINITIONS = (
					"DEBUG=1",
					"$(inherited)",
				);
				GCC_WARN_64_TO_32_BIT_CONVERSION = YES;
				GCC_WARN_ABOUT_RETURN_TYPE = YES_ERROR;
				GCC_WARN_UNDECLARED_SELECTOR = YES;
				GCC_WARN_UNINITIALIZED_AUTOS = YES_AGGRESSIVE;
				GCC_WARN_UNUSED_FUNCTION = YES;
				GCC_WARN_UNUSED_VARIABLE = YES;
				IPHONEOS_DEPLOYMENT_TARGET = 15.0;
				MTL_ENABLE_DEBUG_INFO = INCLUDE_SOURCE;
				MTL_FAST_MATH = YES;
				ONLY_ACTIVE_ARCH = YES;
				SDKROOT = iphoneos;
				SWIFT_ACTIVE_COMPILATION_CONDITIONS = DEBUG;
				SWIFT_OPTIMIZATION_LEVEL = "-Onone";
			};
			name = Debug;
		};
		999BFBB6275E8F1200D2E143 /* Release */ = {
			isa = XCBuildConfiguration;
			buildSettings = {
				ALWAYS_SEARCH_USER_PATHS = NO;
				CLANG_ANALYZER_NONNULL = YES;
				CLANG_ANALYZER_NUMBER_OBJECT_CONVERSION = YES_AGGRESSIVE;
				CLANG_CXX_LANGUAGE_STANDARD = "gnu++17";
				CLANG_CXX_LIBRARY = "libc++";
				CLANG_ENABLE_MODULES = YES;
				CLANG_ENABLE_OBJC_ARC = YES;
				CLANG_ENABLE_OBJC_WEAK = YES;
				CLANG_WARN_BLOCK_CAPTURE_AUTORELEASING = YES;
				CLANG_WARN_BOOL_CONVERSION = YES;
				CLANG_WARN_COMMA = YES;
				CLANG_WARN_CONSTANT_CONVERSION = YES;
				CLANG_WARN_DEPRECATED_OBJC_IMPLEMENTATIONS = YES;
				CLANG_WARN_DIRECT_OBJC_ISA_USAGE = YES_ERROR;
				CLANG_WARN_DOCUMENTATION_COMMENTS = YES;
				CLANG_WARN_EMPTY_BODY = YES;
				CLANG_WARN_ENUM_CONVERSION = YES;
				CLANG_WARN_INFINITE_RECURSION = YES;
				CLANG_WARN_INT_CONVERSION = YES;
				CLANG_WARN_NON_LITERAL_NULL_CONVERSION = YES;
				CLANG_WARN_OBJC_IMPLICIT_RETAIN_SELF = YES;
				CLANG_WARN_OBJC_LITERAL_CONVERSION = YES;
				CLANG_WARN_OBJC_ROOT_CLASS = YES_ERROR;
				CLANG_WARN_QUOTED_INCLUDE_IN_FRAMEWORK_HEADER = YES;
				CLANG_WARN_RANGE_LOOP_ANALYSIS = YES;
				CLANG_WARN_STRICT_PROTOTYPES = YES;
				CLANG_WARN_SUSPICIOUS_MOVE = YES;
				CLANG_WARN_UNGUARDED_AVAILABILITY = YES_AGGRESSIVE;
				CLANG_WARN_UNREACHABLE_CODE = YES;
				CLANG_WARN__DUPLICATE_METHOD_MATCH = YES;
				COPY_PHASE_STRIP = NO;
				DEBUG_INFORMATION_FORMAT = "dwarf-with-dsym";
				ENABLE_NS_ASSERTIONS = NO;
				ENABLE_STRICT_OBJC_MSGSEND = YES;
				GCC_C_LANGUAGE_STANDARD = gnu11;
				GCC_NO_COMMON_BLOCKS = YES;
				GCC_WARN_64_TO_32_BIT_CONVERSION = YES;
				GCC_WARN_ABOUT_RETURN_TYPE = YES_ERROR;
				GCC_WARN_UNDECLARED_SELECTOR = YES;
				GCC_WARN_UNINITIALIZED_AUTOS = YES_AGGRESSIVE;
				GCC_WARN_UNUSED_FUNCTION = YES;
				GCC_WARN_UNUSED_VARIABLE = YES;
				IPHONEOS_DEPLOYMENT_TARGET = 15.0;
				MTL_ENABLE_DEBUG_INFO = NO;
				MTL_FAST_MATH = YES;
				SDKROOT = iphoneos;
				SWIFT_COMPILATION_MODE = wholemodule;
				SWIFT_OPTIMIZATION_LEVEL = "-O";
				VALIDATE_PRODUCT = YES;
			};
			name = Release;
		};
		999BFBB8275E8F1200D2E143 /* Debug */ = {
			isa = XCBuildConfiguration;
			baseConfigurationReference = AE520C16CAC92A513D512DFB /* Pods-News-RxSwift-Transform.debug.xcconfig */;
			buildSettings = {
				ASSETCATALOG_COMPILER_APPICON_NAME = AppIcon;
				ASSETCATALOG_COMPILER_GLOBAL_ACCENT_COLOR_NAME = AccentColor;
				CODE_SIGN_STYLE = Automatic;
				CURRENT_PROJECT_VERSION = 1;
				DEVELOPMENT_TEAM = 4KX39VZ9JG;
				GENERATE_INFOPLIST_FILE = YES;
				INFOPLIST_FILE = "News-RxSwift-Transform/Info.plist";
				INFOPLIST_KEY_UIApplicationSupportsIndirectInputEvents = YES;
				INFOPLIST_KEY_UILaunchStoryboardName = LaunchScreen;
				INFOPLIST_KEY_UIMainStoryboardFile = Main;
				INFOPLIST_KEY_UISupportedInterfaceOrientations_iPad = "UIInterfaceOrientationPortrait UIInterfaceOrientationPortraitUpsideDown UIInterfaceOrientationLandscapeLeft UIInterfaceOrientationLandscapeRight";
				INFOPLIST_KEY_UISupportedInterfaceOrientations_iPhone = "UIInterfaceOrientationPortrait UIInterfaceOrientationLandscapeLeft UIInterfaceOrientationLandscapeRight";
				IPHONEOS_DEPLOYMENT_TARGET = 15.0;
				LD_RUNPATH_SEARCH_PATHS = (
					"$(inherited)",
					"@executable_path/Frameworks",
				);
				MARKETING_VERSION = 1.0;
				PRODUCT_BUNDLE_IDENTIFIER = "Toshiki-Yanagimoto.News-RxSwift-Transform";
				PRODUCT_NAME = "$(TARGET_NAME)";
				SWIFT_EMIT_LOC_STRINGS = YES;
				SWIFT_VERSION = 5.0;
				TARGETED_DEVICE_FAMILY = "1,2";
			};
			name = Debug;
		};
		999BFBB9275E8F1200D2E143 /* Release */ = {
			isa = XCBuildConfiguration;
			baseConfigurationReference = 80F1240A42AC2B98E37321C6 /* Pods-News-RxSwift-Transform.release.xcconfig */;
			buildSettings = {
				ASSETCATALOG_COMPILER_APPICON_NAME = AppIcon;
				ASSETCATALOG_COMPILER_GLOBAL_ACCENT_COLOR_NAME = AccentColor;
				CODE_SIGN_STYLE = Automatic;
				CURRENT_PROJECT_VERSION = 1;
				DEVELOPMENT_TEAM = 4KX39VZ9JG;
				GENERATE_INFOPLIST_FILE = YES;
				INFOPLIST_FILE = "News-RxSwift-Transform/Info.plist";
				INFOPLIST_KEY_UIApplicationSupportsIndirectInputEvents = YES;
				INFOPLIST_KEY_UILaunchStoryboardName = LaunchScreen;
				INFOPLIST_KEY_UIMainStoryboardFile = Main;
				INFOPLIST_KEY_UISupportedInterfaceOrientations_iPad = "UIInterfaceOrientationPortrait UIInterfaceOrientationPortraitUpsideDown UIInterfaceOrientationLandscapeLeft UIInterfaceOrientationLandscapeRight";
				INFOPLIST_KEY_UISupportedInterfaceOrientations_iPhone = "UIInterfaceOrientationPortrait UIInterfaceOrientationLandscapeLeft UIInterfaceOrientationLandscapeRight";
				IPHONEOS_DEPLOYMENT_TARGET = 15.0;
				LD_RUNPATH_SEARCH_PATHS = (
					"$(inherited)",
					"@executable_path/Frameworks",
				);
				MARKETING_VERSION = 1.0;
				PRODUCT_BUNDLE_IDENTIFIER = "Toshiki-Yanagimoto.News-RxSwift-Transform";
				PRODUCT_NAME = "$(TARGET_NAME)";
				SWIFT_EMIT_LOC_STRINGS = YES;
				SWIFT_VERSION = 5.0;
				TARGETED_DEVICE_FAMILY = "1,2";
			};
			name = Release;
		};
/* End XCBuildConfiguration section */

/* Begin XCConfigurationList section */
		999BFB9E275E8F0E00D2E143 /* Build configuration list for PBXProject "News-RxSwift-Transform" */ = {
			isa = XCConfigurationList;
			buildConfigurations = (
				999BFBB5275E8F1200D2E143 /* Debug */,
				999BFBB6275E8F1200D2E143 /* Release */,
			);
			defaultConfigurationIsVisible = 0;
			defaultConfigurationName = Release;
		};
		999BFBB7275E8F1200D2E143 /* Build configuration list for PBXNativeTarget "News-RxSwift-Transform" */ = {
			isa = XCConfigurationList;
			buildConfigurations = (
				999BFBB8275E8F1200D2E143 /* Debug */,
				999BFBB9275E8F1200D2E143 /* Release */,
			);
			defaultConfigurationIsVisible = 0;
			defaultConfigurationName = Release;
		};
/* End XCConfigurationList section */
	};
	rootObject = 999BFB9B275E8F0E00D2E143 /* Project object */;
}
